// !$*UTF8*$!
{
	archiveVersion = 1;
	classes = {
	};
	objectVersion = 50;
	objects = {

/* Begin PBXBuildFile section */
		F1BCD6A12312A1600021A2A3 /* AppDelegate.swift in Sources */ = {isa = PBXBuildFile; fileRef = F1BCD6A02312A1600021A2A3 /* AppDelegate.swift */; };
		F1BCD6A82312A1610021A2A3 /* Assets.xcassets in Resources */ = {isa = PBXBuildFile; fileRef = F1BCD6A72312A1610021A2A3 /* Assets.xcassets */; };
		F1BCD6AB2312A1610021A2A3 /* LaunchScreen.storyboard in Resources */ = {isa = PBXBuildFile; fileRef = F1BCD6A92312A1610021A2A3 /* LaunchScreen.storyboard */; };
		F1BCD6B62312A1610021A2A3 /* ResumeTests.swift in Sources */ = {isa = PBXBuildFile; fileRef = F1BCD6B52312A1610021A2A3 /* ResumeTests.swift */; };
		F1BCD6C12312A1610021A2A3 /* ResumeUITests.swift in Sources */ = {isa = PBXBuildFile; fileRef = F1BCD6C02312A1610021A2A3 /* ResumeUITests.swift */; };
		F1BCD6FE2312A1880021A2A3 /* UILabel+Multiline.swift in Sources */ = {isa = PBXBuildFile; fileRef = F1BCD6DD2312A1880021A2A3 /* UILabel+Multiline.swift */; };
		F1BCD6FF2312A1880021A2A3 /* UserDefaults+Data.swift in Sources */ = {isa = PBXBuildFile; fileRef = F1BCD6DE2312A1880021A2A3 /* UserDefaults+Data.swift */; };
		F1BCD7002312A1880021A2A3 /* UIView+Customize.swift in Sources */ = {isa = PBXBuildFile; fileRef = F1BCD6DF2312A1880021A2A3 /* UIView+Customize.swift */; };
		F1BCD7012312A1880021A2A3 /* UITableView+ResuableCell.swift in Sources */ = {isa = PBXBuildFile; fileRef = F1BCD6E02312A1880021A2A3 /* UITableView+ResuableCell.swift */; };
		F1BCD7022312A1880021A2A3 /* UIVIewController+Alert.swift in Sources */ = {isa = PBXBuildFile; fileRef = F1BCD6E12312A1880021A2A3 /* UIVIewController+Alert.swift */; };
		F1BCD7032312A1880021A2A3 /* UIView+Anchor.swift in Sources */ = {isa = PBXBuildFile; fileRef = F1BCD6E22312A1880021A2A3 /* UIView+Anchor.swift */; };
		F1BCD7042312A1880021A2A3 /* UIImageView+DownloadImage.swift in Sources */ = {isa = PBXBuildFile; fileRef = F1BCD6E32312A1880021A2A3 /* UIImageView+DownloadImage.swift */; };
		F1BCD7052312A1880021A2A3 /* PropertyReflectable.swift in Sources */ = {isa = PBXBuildFile; fileRef = F1BCD6E42312A1880021A2A3 /* PropertyReflectable.swift */; };
		F1BCD7072312A1880021A2A3 /* UIFont+Styles.swift in Sources */ = {isa = PBXBuildFile; fileRef = F1BCD6E62312A1880021A2A3 /* UIFont+Styles.swift */; };
		F1BCD7082312A1880021A2A3 /* Constants.swift in Sources */ = {isa = PBXBuildFile; fileRef = F1BCD6E82312A1880021A2A3 /* Constants.swift */; };
		F1BCD7092312A1880021A2A3 /* Enums.swift in Sources */ = {isa = PBXBuildFile; fileRef = F1BCD6E92312A1880021A2A3 /* Enums.swift */; };
		F1BCD70A2312A1880021A2A3 /* UILabelFactory.swift in Sources */ = {isa = PBXBuildFile; fileRef = F1BCD6EB2312A1880021A2A3 /* UILabelFactory.swift */; };
		F1BCD70B2312A1880021A2A3 /* Result.swift in Sources */ = {isa = PBXBuildFile; fileRef = F1BCD6ED2312A1880021A2A3 /* Result.swift */; };
		F1BCD70C2312A1880021A2A3 /* NetworkManager.swift in Sources */ = {isa = PBXBuildFile; fileRef = F1BCD6EE2312A1880021A2A3 /* NetworkManager.swift */; };
		F1BCD70D2312A1880021A2A3 /* ErrorResult.swift in Sources */ = {isa = PBXBuildFile; fileRef = F1BCD6EF2312A1880021A2A3 /* ErrorResult.swift */; };
		F1BCD70E2312A1880021A2A3 /* Resume.swift in Sources */ = {isa = PBXBuildFile; fileRef = F1BCD6F12312A1880021A2A3 /* Resume.swift */; };
		F1BCD70F2312A1880021A2A3 /* Alert.swift in Sources */ = {isa = PBXBuildFile; fileRef = F1BCD6F22312A1880021A2A3 /* Alert.swift */; };
		F1BCD7102312A1880021A2A3 /* Bindable.swift in Sources */ = {isa = PBXBuildFile; fileRef = F1BCD6F32312A1880021A2A3 /* Bindable.swift */; };
		F1BCD7112312A1880021A2A3 /* ResumeViewModel.swift in Sources */ = {isa = PBXBuildFile; fileRef = F1BCD6F52312A1880021A2A3 /* ResumeViewModel.swift */; };
		F1BCD7122312A1880021A2A3 /* ViewModelProtocol.swift in Sources */ = {isa = PBXBuildFile; fileRef = F1BCD6F72312A1880021A2A3 /* ViewModelProtocol.swift */; };
		F1BCD7132312A1880021A2A3 /* Accessible.swift in Sources */ = {isa = PBXBuildFile; fileRef = F1BCD6F82312A1880021A2A3 /* Accessible.swift */; };
		F1BCD7142312A1880021A2A3 /* NetworkProtocol.swift in Sources */ = {isa = PBXBuildFile; fileRef = F1BCD6F92312A1880021A2A3 /* NetworkProtocol.swift */; };
		F1BCD7152312A1880021A2A3 /* IdentifiableProtocol.swift in Sources */ = {isa = PBXBuildFile; fileRef = F1BCD6FA2312A1880021A2A3 /* IdentifiableProtocol.swift */; };
		F1BCD7162312A1880021A2A3 /* NetworkSessionProtocol.swift in Sources */ = {isa = PBXBuildFile; fileRef = F1BCD6FB2312A1880021A2A3 /* NetworkSessionProtocol.swift */; };
		F1BCD7172312A1880021A2A3 /* DecodeData.swift in Sources */ = {isa = PBXBuildFile; fileRef = F1BCD6FC2312A1880021A2A3 /* DecodeData.swift */; };
		F1BCD7182312A1880021A2A3 /* TestingEnvironmentProtocol.swift in Sources */ = {isa = PBXBuildFile; fileRef = F1BCD6FD2312A1880021A2A3 /* TestingEnvironmentProtocol.swift */; };
		F1BCD7262312A3790021A2A3 /* SectionHeaderView.swift in Sources */ = {isa = PBXBuildFile; fileRef = F1BCD71B2312A3790021A2A3 /* SectionHeaderView.swift */; };
		F1BCD7272312A3790021A2A3 /* ProfileCell.swift in Sources */ = {isa = PBXBuildFile; fileRef = F1BCD71D2312A3790021A2A3 /* ProfileCell.swift */; };
		F1BCD7282312A3790021A2A3 /* ExperienceCell.swift in Sources */ = {isa = PBXBuildFile; fileRef = F1BCD71E2312A3790021A2A3 /* ExperienceCell.swift */; };
		F1BCD7292312A3790021A2A3 /* SummaryCell.swift in Sources */ = {isa = PBXBuildFile; fileRef = F1BCD71F2312A3790021A2A3 /* SummaryCell.swift */; };
		F1BCD72B2312A3790021A2A3 /* DefaultTableCell.swift in Sources */ = {isa = PBXBuildFile; fileRef = F1BCD7212312A3790021A2A3 /* DefaultTableCell.swift */; };
		F1BCD72C2312A3790021A2A3 /* EducationCell.swift in Sources */ = {isa = PBXBuildFile; fileRef = F1BCD7222312A3790021A2A3 /* EducationCell.swift */; };
		F1BCD72D2312A3790021A2A3 /* LanguageCell.swift in Sources */ = {isa = PBXBuildFile; fileRef = F1BCD7232312A3790021A2A3 /* LanguageCell.swift */; };
		F1BCD72E2312A3790021A2A3 /* ResumeViewController.swift in Sources */ = {isa = PBXBuildFile; fileRef = F1BCD7252312A3790021A2A3 /* ResumeViewController.swift */; };
		F1BCD73D2312A6870021A2A3 /* mock.json in Resources */ = {isa = PBXBuildFile; fileRef = F1BCD7312312A6870021A2A3 /* mock.json */; };
		F1BCD73E2312A6870021A2A3 /* MockManager.swift in Sources */ = {isa = PBXBuildFile; fileRef = F1BCD7322312A6870021A2A3 /* MockManager.swift */; };
		F1BCD73F2312A6870021A2A3 /* ResumeViewModelTests.swift in Sources */ = {isa = PBXBuildFile; fileRef = F1BCD7342312A6870021A2A3 /* ResumeViewModelTests.swift */; };
		F1BCD7402312A6870021A2A3 /* UIFont+StylesTests.swift in Sources */ = {isa = PBXBuildFile; fileRef = F1BCD7362312A6870021A2A3 /* UIFont+StylesTests.swift */; };
		F1BCD7412312A6870021A2A3 /* ErrorResultTests.swift in Sources */ = {isa = PBXBuildFile; fileRef = F1BCD7382312A6870021A2A3 /* ErrorResultTests.swift */; };
		F1BCD7422312A6870021A2A3 /* NetworkManagerTest.swift in Sources */ = {isa = PBXBuildFile; fileRef = F1BCD7392312A6870021A2A3 /* NetworkManagerTest.swift */; };
		F1BCD7432312A6870021A2A3 /* BindableTests.swift in Sources */ = {isa = PBXBuildFile; fileRef = F1BCD73B2312A6870021A2A3 /* BindableTests.swift */; };
		F1BCD7442312A6870021A2A3 /* AlertTests.swift in Sources */ = {isa = PBXBuildFile; fileRef = F1BCD73C2312A6870021A2A3 /* AlertTests.swift */; };
		F1BCD7452312A6A50021A2A3 /* mock.json in Resources */ = {isa = PBXBuildFile; fileRef = F1BCD7312312A6870021A2A3 /* mock.json */; };
/* End PBXBuildFile section */

/* Begin PBXContainerItemProxy section */
		F1BCD6B22312A1610021A2A3 /* PBXContainerItemProxy */ = {
			isa = PBXContainerItemProxy;
			containerPortal = F1BCD6952312A1600021A2A3 /* Project object */;
			proxyType = 1;
			remoteGlobalIDString = F1BCD69C2312A1600021A2A3;
			remoteInfo = Resume;
		};
		F1BCD6BD2312A1610021A2A3 /* PBXContainerItemProxy */ = {
			isa = PBXContainerItemProxy;
			containerPortal = F1BCD6952312A1600021A2A3 /* Project object */;
			proxyType = 1;
			remoteGlobalIDString = F1BCD69C2312A1600021A2A3;
			remoteInfo = Resume;
		};
/* End PBXContainerItemProxy section */

/* Begin PBXFileReference section */
		F1BCD69D2312A1600021A2A3 /* Resume.app */ = {isa = PBXFileReference; explicitFileType = wrapper.application; includeInIndex = 0; path = Resume.app; sourceTree = BUILT_PRODUCTS_DIR; };
		F1BCD6A02312A1600021A2A3 /* AppDelegate.swift */ = {isa = PBXFileReference; lastKnownFileType = sourcecode.swift; path = AppDelegate.swift; sourceTree = "<group>"; };
		F1BCD6A72312A1610021A2A3 /* Assets.xcassets */ = {isa = PBXFileReference; lastKnownFileType = folder.assetcatalog; path = Assets.xcassets; sourceTree = "<group>"; };
		F1BCD6AA2312A1610021A2A3 /* Base */ = {isa = PBXFileReference; lastKnownFileType = file.storyboard; name = Base; path = Base.lproj/LaunchScreen.storyboard; sourceTree = "<group>"; };
		F1BCD6AC2312A1610021A2A3 /* Info.plist */ = {isa = PBXFileReference; lastKnownFileType = text.plist.xml; path = Info.plist; sourceTree = "<group>"; };
		F1BCD6B12312A1610021A2A3 /* ResumeTests.xctest */ = {isa = PBXFileReference; explicitFileType = wrapper.cfbundle; includeInIndex = 0; path = ResumeTests.xctest; sourceTree = BUILT_PRODUCTS_DIR; };
		F1BCD6B52312A1610021A2A3 /* ResumeTests.swift */ = {isa = PBXFileReference; lastKnownFileType = sourcecode.swift; path = ResumeTests.swift; sourceTree = "<group>"; };
		F1BCD6B72312A1610021A2A3 /* Info.plist */ = {isa = PBXFileReference; lastKnownFileType = text.plist.xml; path = Info.plist; sourceTree = "<group>"; };
		F1BCD6BC2312A1610021A2A3 /* ResumeUITests.xctest */ = {isa = PBXFileReference; explicitFileType = wrapper.cfbundle; includeInIndex = 0; path = ResumeUITests.xctest; sourceTree = BUILT_PRODUCTS_DIR; };
		F1BCD6C02312A1610021A2A3 /* ResumeUITests.swift */ = {isa = PBXFileReference; lastKnownFileType = sourcecode.swift; path = ResumeUITests.swift; sourceTree = "<group>"; };
		F1BCD6C22312A1610021A2A3 /* Info.plist */ = {isa = PBXFileReference; lastKnownFileType = text.plist.xml; path = Info.plist; sourceTree = "<group>"; };
		F1BCD6DD2312A1880021A2A3 /* UILabel+Multiline.swift */ = {isa = PBXFileReference; fileEncoding = 4; lastKnownFileType = sourcecode.swift; path = "UILabel+Multiline.swift"; sourceTree = "<group>"; };
		F1BCD6DE2312A1880021A2A3 /* UserDefaults+Data.swift */ = {isa = PBXFileReference; fileEncoding = 4; lastKnownFileType = sourcecode.swift; path = "UserDefaults+Data.swift"; sourceTree = "<group>"; };
		F1BCD6DF2312A1880021A2A3 /* UIView+Customize.swift */ = {isa = PBXFileReference; fileEncoding = 4; lastKnownFileType = sourcecode.swift; path = "UIView+Customize.swift"; sourceTree = "<group>"; };
		F1BCD6E02312A1880021A2A3 /* UITableView+ResuableCell.swift */ = {isa = PBXFileReference; fileEncoding = 4; lastKnownFileType = sourcecode.swift; path = "UITableView+ResuableCell.swift"; sourceTree = "<group>"; };
		F1BCD6E12312A1880021A2A3 /* UIVIewController+Alert.swift */ = {isa = PBXFileReference; fileEncoding = 4; lastKnownFileType = sourcecode.swift; path = "UIVIewController+Alert.swift"; sourceTree = "<group>"; };
		F1BCD6E22312A1880021A2A3 /* UIView+Anchor.swift */ = {isa = PBXFileReference; fileEncoding = 4; lastKnownFileType = sourcecode.swift; path = "UIView+Anchor.swift"; sourceTree = "<group>"; };
		F1BCD6E32312A1880021A2A3 /* UIImageView+DownloadImage.swift */ = {isa = PBXFileReference; fileEncoding = 4; lastKnownFileType = sourcecode.swift; path = "UIImageView+DownloadImage.swift"; sourceTree = "<group>"; };
		F1BCD6E42312A1880021A2A3 /* PropertyReflectable.swift */ = {isa = PBXFileReference; fileEncoding = 4; lastKnownFileType = sourcecode.swift; path = PropertyReflectable.swift; sourceTree = "<group>"; };
		F1BCD6E62312A1880021A2A3 /* UIFont+Styles.swift */ = {isa = PBXFileReference; fileEncoding = 4; lastKnownFileType = sourcecode.swift; path = "UIFont+Styles.swift"; sourceTree = "<group>"; };
		F1BCD6E82312A1880021A2A3 /* Constants.swift */ = {isa = PBXFileReference; fileEncoding = 4; lastKnownFileType = sourcecode.swift; path = Constants.swift; sourceTree = "<group>"; };
		F1BCD6E92312A1880021A2A3 /* Enums.swift */ = {isa = PBXFileReference; fileEncoding = 4; lastKnownFileType = sourcecode.swift; path = Enums.swift; sourceTree = "<group>"; };
		F1BCD6EB2312A1880021A2A3 /* UILabelFactory.swift */ = {isa = PBXFileReference; fileEncoding = 4; lastKnownFileType = sourcecode.swift; path = UILabelFactory.swift; sourceTree = "<group>"; };
		F1BCD6ED2312A1880021A2A3 /* Result.swift */ = {isa = PBXFileReference; fileEncoding = 4; lastKnownFileType = sourcecode.swift; path = Result.swift; sourceTree = "<group>"; };
		F1BCD6EE2312A1880021A2A3 /* NetworkManager.swift */ = {isa = PBXFileReference; fileEncoding = 4; lastKnownFileType = sourcecode.swift; path = NetworkManager.swift; sourceTree = "<group>"; };
		F1BCD6EF2312A1880021A2A3 /* ErrorResult.swift */ = {isa = PBXFileReference; fileEncoding = 4; lastKnownFileType = sourcecode.swift; path = ErrorResult.swift; sourceTree = "<group>"; };
		F1BCD6F12312A1880021A2A3 /* Resume.swift */ = {isa = PBXFileReference; fileEncoding = 4; lastKnownFileType = sourcecode.swift; path = Resume.swift; sourceTree = "<group>"; };
		F1BCD6F22312A1880021A2A3 /* Alert.swift */ = {isa = PBXFileReference; fileEncoding = 4; lastKnownFileType = sourcecode.swift; path = Alert.swift; sourceTree = "<group>"; };
		F1BCD6F32312A1880021A2A3 /* Bindable.swift */ = {isa = PBXFileReference; fileEncoding = 4; lastKnownFileType = sourcecode.swift; path = Bindable.swift; sourceTree = "<group>"; };
		F1BCD6F52312A1880021A2A3 /* ResumeViewModel.swift */ = {isa = PBXFileReference; fileEncoding = 4; lastKnownFileType = sourcecode.swift; path = ResumeViewModel.swift; sourceTree = "<group>"; };
		F1BCD6F72312A1880021A2A3 /* ViewModelProtocol.swift */ = {isa = PBXFileReference; fileEncoding = 4; lastKnownFileType = sourcecode.swift; path = ViewModelProtocol.swift; sourceTree = "<group>"; };
		F1BCD6F82312A1880021A2A3 /* Accessible.swift */ = {isa = PBXFileReference; fileEncoding = 4; lastKnownFileType = sourcecode.swift; path = Accessible.swift; sourceTree = "<group>"; };
		F1BCD6F92312A1880021A2A3 /* NetworkProtocol.swift */ = {isa = PBXFileReference; fileEncoding = 4; lastKnownFileType = sourcecode.swift; path = NetworkProtocol.swift; sourceTree = "<group>"; };
		F1BCD6FA2312A1880021A2A3 /* IdentifiableProtocol.swift */ = {isa = PBXFileReference; fileEncoding = 4; lastKnownFileType = sourcecode.swift; path = IdentifiableProtocol.swift; sourceTree = "<group>"; };
		F1BCD6FB2312A1880021A2A3 /* NetworkSessionProtocol.swift */ = {isa = PBXFileReference; fileEncoding = 4; lastKnownFileType = sourcecode.swift; path = NetworkSessionProtocol.swift; sourceTree = "<group>"; };
		F1BCD6FC2312A1880021A2A3 /* DecodeData.swift */ = {isa = PBXFileReference; fileEncoding = 4; lastKnownFileType = sourcecode.swift; path = DecodeData.swift; sourceTree = "<group>"; };
		F1BCD6FD2312A1880021A2A3 /* TestingEnvironmentProtocol.swift */ = {isa = PBXFileReference; fileEncoding = 4; lastKnownFileType = sourcecode.swift; path = TestingEnvironmentProtocol.swift; sourceTree = "<group>"; };
		F1BCD71B2312A3790021A2A3 /* SectionHeaderView.swift */ = {isa = PBXFileReference; fileEncoding = 4; lastKnownFileType = sourcecode.swift; path = SectionHeaderView.swift; sourceTree = "<group>"; };
		F1BCD71D2312A3790021A2A3 /* ProfileCell.swift */ = {isa = PBXFileReference; fileEncoding = 4; lastKnownFileType = sourcecode.swift; path = ProfileCell.swift; sourceTree = "<group>"; };
		F1BCD71E2312A3790021A2A3 /* ExperienceCell.swift */ = {isa = PBXFileReference; fileEncoding = 4; lastKnownFileType = sourcecode.swift; path = ExperienceCell.swift; sourceTree = "<group>"; };
		F1BCD71F2312A3790021A2A3 /* SummaryCell.swift */ = {isa = PBXFileReference; fileEncoding = 4; lastKnownFileType = sourcecode.swift; path = SummaryCell.swift; sourceTree = "<group>"; };
		F1BCD7212312A3790021A2A3 /* DefaultTableCell.swift */ = {isa = PBXFileReference; fileEncoding = 4; lastKnownFileType = sourcecode.swift; path = DefaultTableCell.swift; sourceTree = "<group>"; };
		F1BCD7222312A3790021A2A3 /* EducationCell.swift */ = {isa = PBXFileReference; fileEncoding = 4; lastKnownFileType = sourcecode.swift; path = EducationCell.swift; sourceTree = "<group>"; };
		F1BCD7232312A3790021A2A3 /* LanguageCell.swift */ = {isa = PBXFileReference; fileEncoding = 4; lastKnownFileType = sourcecode.swift; path = LanguageCell.swift; sourceTree = "<group>"; };
		F1BCD7252312A3790021A2A3 /* ResumeViewController.swift */ = {isa = PBXFileReference; fileEncoding = 4; lastKnownFileType = sourcecode.swift; path = ResumeViewController.swift; sourceTree = "<group>"; };
		F1BCD7312312A6870021A2A3 /* mock.json */ = {isa = PBXFileReference; fileEncoding = 4; lastKnownFileType = text.json; path = mock.json; sourceTree = "<group>"; };
		F1BCD7322312A6870021A2A3 /* MockManager.swift */ = {isa = PBXFileReference; fileEncoding = 4; lastKnownFileType = sourcecode.swift; path = MockManager.swift; sourceTree = "<group>"; };
		F1BCD7342312A6870021A2A3 /* ResumeViewModelTests.swift */ = {isa = PBXFileReference; fileEncoding = 4; lastKnownFileType = sourcecode.swift; path = ResumeViewModelTests.swift; sourceTree = "<group>"; };
		F1BCD7362312A6870021A2A3 /* UIFont+StylesTests.swift */ = {isa = PBXFileReference; fileEncoding = 4; lastKnownFileType = sourcecode.swift; path = "UIFont+StylesTests.swift"; sourceTree = "<group>"; };
		F1BCD7382312A6870021A2A3 /* ErrorResultTests.swift */ = {isa = PBXFileReference; fileEncoding = 4; lastKnownFileType = sourcecode.swift; path = ErrorResultTests.swift; sourceTree = "<group>"; };
		F1BCD7392312A6870021A2A3 /* NetworkManagerTest.swift */ = {isa = PBXFileReference; fileEncoding = 4; lastKnownFileType = sourcecode.swift; path = NetworkManagerTest.swift; sourceTree = "<group>"; };
		F1BCD73B2312A6870021A2A3 /* BindableTests.swift */ = {isa = PBXFileReference; fileEncoding = 4; lastKnownFileType = sourcecode.swift; path = BindableTests.swift; sourceTree = "<group>"; };
		F1BCD73C2312A6870021A2A3 /* AlertTests.swift */ = {isa = PBXFileReference; fileEncoding = 4; lastKnownFileType = sourcecode.swift; path = AlertTests.swift; sourceTree = "<group>"; };
/* End PBXFileReference section */

/* Begin PBXFrameworksBuildPhase section */
		F1BCD69A2312A1600021A2A3 /* Frameworks */ = {
			isa = PBXFrameworksBuildPhase;
			buildActionMask = 2147483647;
			files = (
			);
			runOnlyForDeploymentPostprocessing = 0;
		};
		F1BCD6AE2312A1610021A2A3 /* Frameworks */ = {
			isa = PBXFrameworksBuildPhase;
			buildActionMask = 2147483647;
			files = (
			);
			runOnlyForDeploymentPostprocessing = 0;
		};
		F1BCD6B92312A1610021A2A3 /* Frameworks */ = {
			isa = PBXFrameworksBuildPhase;
			buildActionMask = 2147483647;
			files = (
			);
			runOnlyForDeploymentPostprocessing = 0;
		};
/* End PBXFrameworksBuildPhase section */

/* Begin PBXGroup section */
		F1BCD6942312A1600021A2A3 = {
			isa = PBXGroup;
			children = (
				F1BCD69F2312A1600021A2A3 /* Resume */,
				F1BCD6B42312A1610021A2A3 /* ResumeTests */,
				F1BCD6BF2312A1610021A2A3 /* ResumeUITests */,
				F1BCD69E2312A1600021A2A3 /* Products */,
			);
			sourceTree = "<group>";
		};
		F1BCD69E2312A1600021A2A3 /* Products */ = {
			isa = PBXGroup;
			children = (
				F1BCD69D2312A1600021A2A3 /* Resume.app */,
				F1BCD6B12312A1610021A2A3 /* ResumeTests.xctest */,
				F1BCD6BC2312A1610021A2A3 /* ResumeUITests.xctest */,
			);
			name = Products;
			sourceTree = "<group>";
		};
		F1BCD69F2312A1600021A2A3 /* Resume */ = {
			isa = PBXGroup;
			children = (
				F1BCD6E72312A1880021A2A3 /* Utility */,
				F1BCD6EA2312A1880021A2A3 /* Factories */,
				F1BCD6DC2312A1880021A2A3 /* Extensions */,
				F1BCD6EC2312A1880021A2A3 /* Network */,
				F1BCD6F62312A1880021A2A3 /* Protocols */,
				F1BCD6F02312A1880021A2A3 /* Model */,
				F1BCD6F42312A1880021A2A3 /* ViewModel */,
				F1BCD7192312A3790021A2A3 /* Views */,
				F1BCD72F2312A4760021A2A3 /* Resources */,
				F1BCD6A02312A1600021A2A3 /* AppDelegate.swift */,
				F1BCD6AC2312A1610021A2A3 /* Info.plist */,
			);
			path = Resume;
			sourceTree = "<group>";
		};
		F1BCD6B42312A1610021A2A3 /* ResumeTests */ = {
			isa = PBXGroup;
			children = (
				F1BCD6B52312A1610021A2A3 /* ResumeTests.swift */,
				F1BCD7352312A6870021A2A3 /* Extension */,
				F1BCD7302312A6870021A2A3 /* Mock */,
				F1BCD73A2312A6870021A2A3 /* Model */,
				F1BCD7372312A6870021A2A3 /* Network */,
				F1BCD7332312A6870021A2A3 /* ViewModel */,
				F1BCD6B72312A1610021A2A3 /* Info.plist */,
			);
			path = ResumeTests;
			sourceTree = "<group>";
		};
		F1BCD6BF2312A1610021A2A3 /* ResumeUITests */ = {
			isa = PBXGroup;
			children = (
				F1BCD6C02312A1610021A2A3 /* ResumeUITests.swift */,
				F1BCD6C22312A1610021A2A3 /* Info.plist */,
			);
			path = ResumeUITests;
			sourceTree = "<group>";
		};
		F1BCD6DC2312A1880021A2A3 /* Extensions */ = {
			isa = PBXGroup;
			children = (
				F1BCD6DD2312A1880021A2A3 /* UILabel+Multiline.swift */,
				F1BCD6DE2312A1880021A2A3 /* UserDefaults+Data.swift */,
				F1BCD6DF2312A1880021A2A3 /* UIView+Customize.swift */,
				F1BCD6E02312A1880021A2A3 /* UITableView+ResuableCell.swift */,
				F1BCD6E12312A1880021A2A3 /* UIVIewController+Alert.swift */,
				F1BCD6E22312A1880021A2A3 /* UIView+Anchor.swift */,
				F1BCD6E32312A1880021A2A3 /* UIImageView+DownloadImage.swift */,
				F1BCD6E42312A1880021A2A3 /* PropertyReflectable.swift */,
				F1BCD6E62312A1880021A2A3 /* UIFont+Styles.swift */,
			);
			path = Extensions;
			sourceTree = "<group>";
		};
		F1BCD6E72312A1880021A2A3 /* Utility */ = {
			isa = PBXGroup;
			children = (
				F1BCD6E82312A1880021A2A3 /* Constants.swift */,
				F1BCD6E92312A1880021A2A3 /* Enums.swift */,
			);
			path = Utility;
			sourceTree = "<group>";
		};
		F1BCD6EA2312A1880021A2A3 /* Factories */ = {
			isa = PBXGroup;
			children = (
				F1BCD6EB2312A1880021A2A3 /* UILabelFactory.swift */,
			);
			path = Factories;
			sourceTree = "<group>";
		};
		F1BCD6EC2312A1880021A2A3 /* Network */ = {
			isa = PBXGroup;
			children = (
				F1BCD6ED2312A1880021A2A3 /* Result.swift */,
				F1BCD6EE2312A1880021A2A3 /* NetworkManager.swift */,
				F1BCD6EF2312A1880021A2A3 /* ErrorResult.swift */,
			);
			path = Network;
			sourceTree = "<group>";
		};
		F1BCD6F02312A1880021A2A3 /* Model */ = {
			isa = PBXGroup;
			children = (
				F1BCD6F12312A1880021A2A3 /* Resume.swift */,
				F1BCD6F22312A1880021A2A3 /* Alert.swift */,
				F1BCD6F32312A1880021A2A3 /* Bindable.swift */,
			);
			path = Model;
			sourceTree = "<group>";
		};
		F1BCD6F42312A1880021A2A3 /* ViewModel */ = {
			isa = PBXGroup;
			children = (
				F1BCD6F52312A1880021A2A3 /* ResumeViewModel.swift */,
			);
			path = ViewModel;
			sourceTree = "<group>";
		};
		F1BCD6F62312A1880021A2A3 /* Protocols */ = {
			isa = PBXGroup;
			children = (
				F1BCD6F72312A1880021A2A3 /* ViewModelProtocol.swift */,
				F1BCD6F82312A1880021A2A3 /* Accessible.swift */,
				F1BCD6F92312A1880021A2A3 /* NetworkProtocol.swift */,
				F1BCD6FA2312A1880021A2A3 /* IdentifiableProtocol.swift */,
				F1BCD6FB2312A1880021A2A3 /* NetworkSessionProtocol.swift */,
				F1BCD6FC2312A1880021A2A3 /* DecodeData.swift */,
				F1BCD6FD2312A1880021A2A3 /* TestingEnvironmentProtocol.swift */,
			);
			path = Protocols;
			sourceTree = "<group>";
		};
		F1BCD7192312A3790021A2A3 /* Views */ = {
			isa = PBXGroup;
			children = (
				F1BCD71A2312A3790021A2A3 /* TableSectionViews */,
				F1BCD71C2312A3790021A2A3 /* TableCells */,
				F1BCD7242312A3790021A2A3 /* Controllers */,
			);
			path = Views;
			sourceTree = "<group>";
		};
		F1BCD71A2312A3790021A2A3 /* TableSectionViews */ = {
			isa = PBXGroup;
			children = (
				F1BCD71B2312A3790021A2A3 /* SectionHeaderView.swift */,
			);
			path = TableSectionViews;
			sourceTree = "<group>";
		};
		F1BCD71C2312A3790021A2A3 /* TableCells */ = {
			isa = PBXGroup;
			children = (
				F1BCD7212312A3790021A2A3 /* DefaultTableCell.swift */,
				F1BCD71D2312A3790021A2A3 /* ProfileCell.swift */,
				F1BCD71E2312A3790021A2A3 /* ExperienceCell.swift */,
				F1BCD71F2312A3790021A2A3 /* SummaryCell.swift */,
				F1BCD7222312A3790021A2A3 /* EducationCell.swift */,
				F1BCD7232312A3790021A2A3 /* LanguageCell.swift */,
			);
			path = TableCells;
			sourceTree = "<group>";
		};
		F1BCD7242312A3790021A2A3 /* Controllers */ = {
			isa = PBXGroup;
			children = (
				F1BCD7252312A3790021A2A3 /* ResumeViewController.swift */,
			);
			path = Controllers;
			sourceTree = "<group>";
		};
		F1BCD72F2312A4760021A2A3 /* Resources */ = {
			isa = PBXGroup;
			children = (
				F1BCD6A72312A1610021A2A3 /* Assets.xcassets */,
				F1BCD6A92312A1610021A2A3 /* LaunchScreen.storyboard */,
			);
			path = Resources;
			sourceTree = "<group>";
		};
		F1BCD7302312A6870021A2A3 /* Mock */ = {
			isa = PBXGroup;
			children = (
				F1BCD7312312A6870021A2A3 /* mock.json */,
				F1BCD7322312A6870021A2A3 /* MockManager.swift */,
			);
			path = Mock;
			sourceTree = "<group>";
		};
		F1BCD7332312A6870021A2A3 /* ViewModel */ = {
			isa = PBXGroup;
			children = (
				F1BCD7342312A6870021A2A3 /* ResumeViewModelTests.swift */,
			);
			path = ViewModel;
			sourceTree = "<group>";
		};
		F1BCD7352312A6870021A2A3 /* Extension */ = {
			isa = PBXGroup;
			children = (
				F1BCD7362312A6870021A2A3 /* UIFont+StylesTests.swift */,
			);
			path = Extension;
			sourceTree = "<group>";
		};
		F1BCD7372312A6870021A2A3 /* Network */ = {
			isa = PBXGroup;
			children = (
				F1BCD7382312A6870021A2A3 /* ErrorResultTests.swift */,
				F1BCD7392312A6870021A2A3 /* NetworkManagerTest.swift */,
			);
			path = Network;
			sourceTree = "<group>";
		};
		F1BCD73A2312A6870021A2A3 /* Model */ = {
			isa = PBXGroup;
			children = (
				F1BCD73B2312A6870021A2A3 /* BindableTests.swift */,
				F1BCD73C2312A6870021A2A3 /* AlertTests.swift */,
			);
			path = Model;
			sourceTree = "<group>";
		};
/* End PBXGroup section */

/* Begin PBXNativeTarget section */
		F1BCD69C2312A1600021A2A3 /* Resume */ = {
			isa = PBXNativeTarget;
			buildConfigurationList = F1BCD6C52312A1610021A2A3 /* Build configuration list for PBXNativeTarget "Resume" */;
			buildPhases = (
				F1BCD6992312A1600021A2A3 /* Sources */,
				F1BCD69A2312A1600021A2A3 /* Frameworks */,
				F1BCD69B2312A1600021A2A3 /* Resources */,
			);
			buildRules = (
			);
			dependencies = (
			);
			name = Resume;
			productName = Resume;
			productReference = F1BCD69D2312A1600021A2A3 /* Resume.app */;
			productType = "com.apple.product-type.application";
		};
		F1BCD6B02312A1610021A2A3 /* ResumeTests */ = {
			isa = PBXNativeTarget;
			buildConfigurationList = F1BCD6C82312A1610021A2A3 /* Build configuration list for PBXNativeTarget "ResumeTests" */;
			buildPhases = (
				F1BCD6AD2312A1610021A2A3 /* Sources */,
				F1BCD6AE2312A1610021A2A3 /* Frameworks */,
				F1BCD6AF2312A1610021A2A3 /* Resources */,
			);
			buildRules = (
			);
			dependencies = (
				F1BCD6B32312A1610021A2A3 /* PBXTargetDependency */,
			);
			name = ResumeTests;
			productName = ResumeTests;
			productReference = F1BCD6B12312A1610021A2A3 /* ResumeTests.xctest */;
			productType = "com.apple.product-type.bundle.unit-test";
		};
		F1BCD6BB2312A1610021A2A3 /* ResumeUITests */ = {
			isa = PBXNativeTarget;
			buildConfigurationList = F1BCD6CB2312A1610021A2A3 /* Build configuration list for PBXNativeTarget "ResumeUITests" */;
			buildPhases = (
				F1BCD6B82312A1610021A2A3 /* Sources */,
				F1BCD6B92312A1610021A2A3 /* Frameworks */,
				F1BCD6BA2312A1610021A2A3 /* Resources */,
			);
			buildRules = (
			);
			dependencies = (
				F1BCD6BE2312A1610021A2A3 /* PBXTargetDependency */,
			);
			name = ResumeUITests;
			productName = ResumeUITests;
			productReference = F1BCD6BC2312A1610021A2A3 /* ResumeUITests.xctest */;
			productType = "com.apple.product-type.bundle.ui-testing";
		};
/* End PBXNativeTarget section */

/* Begin PBXProject section */
		F1BCD6952312A1600021A2A3 /* Project object */ = {
			isa = PBXProject;
			attributes = {
				LastSwiftUpdateCheck = 1030;
				LastUpgradeCheck = 1030;
				ORGANIZATIONNAME = "Navneet(navneet.aug1990@gmail.com)";
				TargetAttributes = {
					F1BCD69C2312A1600021A2A3 = {
						CreatedOnToolsVersion = 10.3;
						LastSwiftMigration = 1030;
					};
					F1BCD6B02312A1610021A2A3 = {
						CreatedOnToolsVersion = 10.3;
						LastSwiftMigration = 1030;
						TestTargetID = F1BCD69C2312A1600021A2A3;
					};
					F1BCD6BB2312A1610021A2A3 = {
						CreatedOnToolsVersion = 10.3;
						LastSwiftMigration = 1030;
						TestTargetID = F1BCD69C2312A1600021A2A3;
					};
				};
			};
			buildConfigurationList = F1BCD6982312A1600021A2A3 /* Build configuration list for PBXProject "Resume" */;
			compatibilityVersion = "Xcode 9.3";
			developmentRegion = en;
			hasScannedForEncodings = 0;
			knownRegions = (
				en,
				Base,
			);
			mainGroup = F1BCD6942312A1600021A2A3;
			productRefGroup = F1BCD69E2312A1600021A2A3 /* Products */;
			projectDirPath = "";
			projectRoot = "";
			targets = (
				F1BCD69C2312A1600021A2A3 /* Resume */,
				F1BCD6B02312A1610021A2A3 /* ResumeTests */,
				F1BCD6BB2312A1610021A2A3 /* ResumeUITests */,
			);
		};
/* End PBXProject section */

/* Begin PBXResourcesBuildPhase section */
		F1BCD69B2312A1600021A2A3 /* Resources */ = {
			isa = PBXResourcesBuildPhase;
			buildActionMask = 2147483647;
			files = (
				F1BCD6AB2312A1610021A2A3 /* LaunchScreen.storyboard in Resources */,
				F1BCD6A82312A1610021A2A3 /* Assets.xcassets in Resources */,
				F1BCD7452312A6A50021A2A3 /* mock.json in Resources */,
			);
			runOnlyForDeploymentPostprocessing = 0;
		};
		F1BCD6AF2312A1610021A2A3 /* Resources */ = {
			isa = PBXResourcesBuildPhase;
			buildActionMask = 2147483647;
			files = (
				F1BCD73D2312A6870021A2A3 /* mock.json in Resources */,
			);
			runOnlyForDeploymentPostprocessing = 0;
		};
		F1BCD6BA2312A1610021A2A3 /* Resources */ = {
			isa = PBXResourcesBuildPhase;
			buildActionMask = 2147483647;
			files = (
			);
			runOnlyForDeploymentPostprocessing = 0;
		};
/* End PBXResourcesBuildPhase section */

/* Begin PBXSourcesBuildPhase section */
		F1BCD6992312A1600021A2A3 /* Sources */ = {
			isa = PBXSourcesBuildPhase;
			buildActionMask = 2147483647;
			files = (
				F1BCD72B2312A3790021A2A3 /* DefaultTableCell.swift in Sources */,
				F1BCD7022312A1880021A2A3 /* UIVIewController+Alert.swift in Sources */,
				F1BCD7142312A1880021A2A3 /* NetworkProtocol.swift in Sources */,
				F1BCD70E2312A1880021A2A3 /* Resume.swift in Sources */,
				F1BCD7072312A1880021A2A3 /* UIFont+Styles.swift in Sources */,
				F1BCD7292312A3790021A2A3 /* SummaryCell.swift in Sources */,
				F1BCD7122312A1880021A2A3 /* ViewModelProtocol.swift in Sources */,
				F1BCD7002312A1880021A2A3 /* UIView+Customize.swift in Sources */,
				F1BCD7092312A1880021A2A3 /* Enums.swift in Sources */,
				F1BCD7052312A1880021A2A3 /* PropertyReflectable.swift in Sources */,
				F1BCD70B2312A1880021A2A3 /* Result.swift in Sources */,
				F1BCD7102312A1880021A2A3 /* Bindable.swift in Sources */,
				F1BCD7012312A1880021A2A3 /* UITableView+ResuableCell.swift in Sources */,
				F1BCD7282312A3790021A2A3 /* ExperienceCell.swift in Sources */,
				F1BCD7262312A3790021A2A3 /* SectionHeaderView.swift in Sources */,
				F1BCD7172312A1880021A2A3 /* DecodeData.swift in Sources */,
				F1BCD70A2312A1880021A2A3 /* UILabelFactory.swift in Sources */,
				F1BCD70C2312A1880021A2A3 /* NetworkManager.swift in Sources */,
				F1BCD7152312A1880021A2A3 /* IdentifiableProtocol.swift in Sources */,
				F1BCD7082312A1880021A2A3 /* Constants.swift in Sources */,
				F1BCD7162312A1880021A2A3 /* NetworkSessionProtocol.swift in Sources */,
				F1BCD6A12312A1600021A2A3 /* AppDelegate.swift in Sources */,
				F1BCD7042312A1880021A2A3 /* UIImageView+DownloadImage.swift in Sources */,
				F1BCD7182312A1880021A2A3 /* TestingEnvironmentProtocol.swift in Sources */,
				F1BCD7132312A1880021A2A3 /* Accessible.swift in Sources */,
				F1BCD7032312A1880021A2A3 /* UIView+Anchor.swift in Sources */,
				F1BCD70D2312A1880021A2A3 /* ErrorResult.swift in Sources */,
				F1BCD6FF2312A1880021A2A3 /* UserDefaults+Data.swift in Sources */,
				F1BCD72E2312A3790021A2A3 /* ResumeViewController.swift in Sources */,
				F1BCD70F2312A1880021A2A3 /* Alert.swift in Sources */,
				F1BCD72C2312A3790021A2A3 /* EducationCell.swift in Sources */,
				F1BCD6FE2312A1880021A2A3 /* UILabel+Multiline.swift in Sources */,
				F1BCD7272312A3790021A2A3 /* ProfileCell.swift in Sources */,
				F1BCD72D2312A3790021A2A3 /* LanguageCell.swift in Sources */,
				F1BCD7112312A1880021A2A3 /* ResumeViewModel.swift in Sources */,
			);
			runOnlyForDeploymentPostprocessing = 0;
		};
		F1BCD6AD2312A1610021A2A3 /* Sources */ = {
			isa = PBXSourcesBuildPhase;
			buildActionMask = 2147483647;
			files = (
				F1BCD7422312A6870021A2A3 /* NetworkManagerTest.swift in Sources */,
				F1BCD7412312A6870021A2A3 /* ErrorResultTests.swift in Sources */,
				F1BCD6B62312A1610021A2A3 /* ResumeTests.swift in Sources */,
				F1BCD73E2312A6870021A2A3 /* MockManager.swift in Sources */,
				F1BCD7402312A6870021A2A3 /* UIFont+StylesTests.swift in Sources */,
				F1BCD73F2312A6870021A2A3 /* ResumeViewModelTests.swift in Sources */,
				F1BCD7442312A6870021A2A3 /* AlertTests.swift in Sources */,
				F1BCD7432312A6870021A2A3 /* BindableTests.swift in Sources */,
			);
			runOnlyForDeploymentPostprocessing = 0;
		};
		F1BCD6B82312A1610021A2A3 /* Sources */ = {
			isa = PBXSourcesBuildPhase;
			buildActionMask = 2147483647;
			files = (
				F1BCD6C12312A1610021A2A3 /* ResumeUITests.swift in Sources */,
			);
			runOnlyForDeploymentPostprocessing = 0;
		};
/* End PBXSourcesBuildPhase section */

/* Begin PBXTargetDependency section */
		F1BCD6B32312A1610021A2A3 /* PBXTargetDependency */ = {
			isa = PBXTargetDependency;
			target = F1BCD69C2312A1600021A2A3 /* Resume */;
			targetProxy = F1BCD6B22312A1610021A2A3 /* PBXContainerItemProxy */;
		};
		F1BCD6BE2312A1610021A2A3 /* PBXTargetDependency */ = {
			isa = PBXTargetDependency;
			target = F1BCD69C2312A1600021A2A3 /* Resume */;
			targetProxy = F1BCD6BD2312A1610021A2A3 /* PBXContainerItemProxy */;
		};
/* End PBXTargetDependency section */

/* Begin PBXVariantGroup section */
		F1BCD6A92312A1610021A2A3 /* LaunchScreen.storyboard */ = {
			isa = PBXVariantGroup;
			children = (
				F1BCD6AA2312A1610021A2A3 /* Base */,
			);
			name = LaunchScreen.storyboard;
			sourceTree = "<group>";
		};
/* End PBXVariantGroup section */

/* Begin XCBuildConfiguration section */
		F1BCD6C32312A1610021A2A3 /* Debug */ = {
			isa = XCBuildConfiguration;
			buildSettings = {
				ALWAYS_SEARCH_USER_PATHS = NO;
				CLANG_ANALYZER_NONNULL = YES;
				CLANG_ANALYZER_NUMBER_OBJECT_CONVERSION = YES_AGGRESSIVE;
				CLANG_CXX_LANGUAGE_STANDARD = "gnu++14";
				CLANG_CXX_LIBRARY = "libc++";
				CLANG_ENABLE_MODULES = YES;
				CLANG_ENABLE_OBJC_ARC = YES;
				CLANG_ENABLE_OBJC_WEAK = YES;
				CLANG_WARN_BLOCK_CAPTURE_AUTORELEASING = YES;
				CLANG_WARN_BOOL_CONVERSION = YES;
				CLANG_WARN_COMMA = YES;
				CLANG_WARN_CONSTANT_CONVERSION = YES;
				CLANG_WARN_DEPRECATED_OBJC_IMPLEMENTATIONS = YES;
				CLANG_WARN_DIRECT_OBJC_ISA_USAGE = YES_ERROR;
				CLANG_WARN_DOCUMENTATION_COMMENTS = YES;
				CLANG_WARN_EMPTY_BODY = YES;
				CLANG_WARN_ENUM_CONVERSION = YES;
				CLANG_WARN_INFINITE_RECURSION = YES;
				CLANG_WARN_INT_CONVERSION = YES;
				CLANG_WARN_NON_LITERAL_NULL_CONVERSION = YES;
				CLANG_WARN_OBJC_IMPLICIT_RETAIN_SELF = YES;
				CLANG_WARN_OBJC_LITERAL_CONVERSION = YES;
				CLANG_WARN_OBJC_ROOT_CLASS = YES_ERROR;
				CLANG_WARN_RANGE_LOOP_ANALYSIS = YES;
				CLANG_WARN_STRICT_PROTOTYPES = YES;
				CLANG_WARN_SUSPICIOUS_MOVE = YES;
				CLANG_WARN_UNGUARDED_AVAILABILITY = YES_AGGRESSIVE;
				CLANG_WARN_UNREACHABLE_CODE = YES;
				CLANG_WARN__DUPLICATE_METHOD_MATCH = YES;
				CODE_SIGN_IDENTITY = "iPhone Developer";
				COPY_PHASE_STRIP = NO;
				DEBUG_INFORMATION_FORMAT = dwarf;
				ENABLE_STRICT_OBJC_MSGSEND = YES;
				ENABLE_TESTABILITY = YES;
				GCC_C_LANGUAGE_STANDARD = gnu11;
				GCC_DYNAMIC_NO_PIC = NO;
				GCC_NO_COMMON_BLOCKS = YES;
				GCC_OPTIMIZATION_LEVEL = 0;
				GCC_PREPROCESSOR_DEFINITIONS = (
					"DEBUG=1",
					"$(inherited)",
				);
				GCC_WARN_64_TO_32_BIT_CONVERSION = YES;
				GCC_WARN_ABOUT_RETURN_TYPE = YES_ERROR;
				GCC_WARN_UNDECLARED_SELECTOR = YES;
				GCC_WARN_UNINITIALIZED_AUTOS = YES_AGGRESSIVE;
				GCC_WARN_UNUSED_FUNCTION = YES;
				GCC_WARN_UNUSED_VARIABLE = YES;
				IPHONEOS_DEPLOYMENT_TARGET = 12.4;
				MTL_ENABLE_DEBUG_INFO = INCLUDE_SOURCE;
				MTL_FAST_MATH = YES;
				ONLY_ACTIVE_ARCH = YES;
				SDKROOT = iphoneos;
				SWIFT_ACTIVE_COMPILATION_CONDITIONS = DEBUG;
				SWIFT_OPTIMIZATION_LEVEL = "-Onone";
				SWIFT_VERSION = "";
			};
			name = Debug;
		};
		F1BCD6C42312A1610021A2A3 /* Release */ = {
			isa = XCBuildConfiguration;
			buildSettings = {
				ALWAYS_SEARCH_USER_PATHS = NO;
				CLANG_ANALYZER_NONNULL = YES;
				CLANG_ANALYZER_NUMBER_OBJECT_CONVERSION = YES_AGGRESSIVE;
				CLANG_CXX_LANGUAGE_STANDARD = "gnu++14";
				CLANG_CXX_LIBRARY = "libc++";
				CLANG_ENABLE_MODULES = YES;
				CLANG_ENABLE_OBJC_ARC = YES;
				CLANG_ENABLE_OBJC_WEAK = YES;
				CLANG_WARN_BLOCK_CAPTURE_AUTORELEASING = YES;
				CLANG_WARN_BOOL_CONVERSION = YES;
				CLANG_WARN_COMMA = YES;
				CLANG_WARN_CONSTANT_CONVERSION = YES;
				CLANG_WARN_DEPRECATED_OBJC_IMPLEMENTATIONS = YES;
				CLANG_WARN_DIRECT_OBJC_ISA_USAGE = YES_ERROR;
				CLANG_WARN_DOCUMENTATION_COMMENTS = YES;
				CLANG_WARN_EMPTY_BODY = YES;
				CLANG_WARN_ENUM_CONVERSION = YES;
				CLANG_WARN_INFINITE_RECURSION = YES;
				CLANG_WARN_INT_CONVERSION = YES;
				CLANG_WARN_NON_LITERAL_NULL_CONVERSION = YES;
				CLANG_WARN_OBJC_IMPLICIT_RETAIN_SELF = YES;
				CLANG_WARN_OBJC_LITERAL_CONVERSION = YES;
				CLANG_WARN_OBJC_ROOT_CLASS = YES_ERROR;
				CLANG_WARN_RANGE_LOOP_ANALYSIS = YES;
				CLANG_WARN_STRICT_PROTOTYPES = YES;
				CLANG_WARN_SUSPICIOUS_MOVE = YES;
				CLANG_WARN_UNGUARDED_AVAILABILITY = YES_AGGRESSIVE;
				CLANG_WARN_UNREACHABLE_CODE = YES;
				CLANG_WARN__DUPLICATE_METHOD_MATCH = YES;
				CODE_SIGN_IDENTITY = "iPhone Developer";
				COPY_PHASE_STRIP = NO;
				DEBUG_INFORMATION_FORMAT = "dwarf-with-dsym";
				ENABLE_NS_ASSERTIONS = NO;
				ENABLE_STRICT_OBJC_MSGSEND = YES;
				GCC_C_LANGUAGE_STANDARD = gnu11;
				GCC_NO_COMMON_BLOCKS = YES;
				GCC_WARN_64_TO_32_BIT_CONVERSION = YES;
				GCC_WARN_ABOUT_RETURN_TYPE = YES_ERROR;
				GCC_WARN_UNDECLARED_SELECTOR = YES;
				GCC_WARN_UNINITIALIZED_AUTOS = YES_AGGRESSIVE;
				GCC_WARN_UNUSED_FUNCTION = YES;
				GCC_WARN_UNUSED_VARIABLE = YES;
				IPHONEOS_DEPLOYMENT_TARGET = 12.4;
				MTL_ENABLE_DEBUG_INFO = NO;
				MTL_FAST_MATH = YES;
				SDKROOT = iphoneos;
				SWIFT_COMPILATION_MODE = wholemodule;
				SWIFT_OPTIMIZATION_LEVEL = "-O";
				SWIFT_VERSION = "";
				VALIDATE_PRODUCT = YES;
			};
			name = Release;
		};
		F1BCD6C62312A1610021A2A3 /* Debug */ = {
			isa = XCBuildConfiguration;
			buildSettings = {
				ASSETCATALOG_COMPILER_APPICON_NAME = AppIcon;
				CODE_SIGN_STYLE = Automatic;
				DEVELOPMENT_TEAM = LLWD38QT8C;
				INFOPLIST_FILE = Resume/Info.plist;
				LD_RUNPATH_SEARCH_PATHS = (
					"$(inherited)",
					"@executable_path/Frameworks",
				);
				PRODUCT_BUNDLE_IDENTIFIER = Navneet.Resume;
				PRODUCT_NAME = "$(TARGET_NAME)";
				SWIFT_VERSION = 4.2;
				TARGETED_DEVICE_FAMILY = "1,2";
			};
			name = Debug;
		};
		F1BCD6C72312A1610021A2A3 /* Release */ = {
			isa = XCBuildConfiguration;
			buildSettings = {
				ASSETCATALOG_COMPILER_APPICON_NAME = AppIcon;
				CODE_SIGN_STYLE = Automatic;
				DEVELOPMENT_TEAM = LLWD38QT8C;
				INFOPLIST_FILE = Resume/Info.plist;
				LD_RUNPATH_SEARCH_PATHS = (
					"$(inherited)",
					"@executable_path/Frameworks",
				);
				PRODUCT_BUNDLE_IDENTIFIER = Navneet.Resume;
				PRODUCT_NAME = "$(TARGET_NAME)";
				SWIFT_VERSION = 4.2;
				TARGETED_DEVICE_FAMILY = "1,2";
			};
			name = Release;
		};
		F1BCD6C92312A1610021A2A3 /* Debug */ = {
			isa = XCBuildConfiguration;
			buildSettings = {
				ALWAYS_EMBED_SWIFT_STANDARD_LIBRARIES = YES;
				BUNDLE_LOADER = "$(TEST_HOST)";
				CODE_SIGN_STYLE = Automatic;
				DEVELOPMENT_TEAM = LLWD38QT8C;
				INFOPLIST_FILE = ResumeTests/Info.plist;
				LD_RUNPATH_SEARCH_PATHS = (
					"$(inherited)",
					"@executable_path/Frameworks",
					"@loader_path/Frameworks",
				);
				PRODUCT_BUNDLE_IDENTIFIER = Navneet.ResumeTests;
				PRODUCT_NAME = "$(TARGET_NAME)";
				SWIFT_VERSION = 4.2;
				TARGETED_DEVICE_FAMILY = "1,2";
				TEST_HOST = "$(BUILT_PRODUCTS_DIR)/Resume.app/Resume";
			};
			name = Debug;
		};
		F1BCD6CA2312A1610021A2A3 /* Release */ = {
			isa = XCBuildConfiguration;
			buildSettings = {
				ALWAYS_EMBED_SWIFT_STANDARD_LIBRARIES = YES;
				BUNDLE_LOADER = "$(TEST_HOST)";
				CODE_SIGN_STYLE = Automatic;
				DEVELOPMENT_TEAM = LLWD38QT8C;
				INFOPLIST_FILE = ResumeTests/Info.plist;
				LD_RUNPATH_SEARCH_PATHS = (
					"$(inherited)",
					"@executable_path/Frameworks",
					"@loader_path/Frameworks",
				);
				PRODUCT_BUNDLE_IDENTIFIER = Navneet.ResumeTests;
				PRODUCT_NAME = "$(TARGET_NAME)";
				SWIFT_VERSION = 4.2;
				TARGETED_DEVICE_FAMILY = "1,2";
				TEST_HOST = "$(BUILT_PRODUCTS_DIR)/Resume.app/Resume";
			};
			name = Release;
		};
		F1BCD6CC2312A1610021A2A3 /* Debug */ = {
			isa = XCBuildConfiguration;
			buildSettings = {
				ALWAYS_EMBED_SWIFT_STANDARD_LIBRARIES = YES;
				CODE_SIGN_STYLE = Automatic;
				DEVELOPMENT_TEAM = LLWD38QT8C;
				INFOPLIST_FILE = ResumeUITests/Info.plist;
				LD_RUNPATH_SEARCH_PATHS = (
					"$(inherited)",
					"@executable_path/Frameworks",
					"@loader_path/Frameworks",
				);
				PRODUCT_BUNDLE_IDENTIFIER = Navneet.ResumeUITests;
				PRODUCT_NAME = "$(TARGET_NAME)";
				SWIFT_VERSION = 4.2;
				TARGETED_DEVICE_FAMILY = "1,2";
				TEST_TARGET_NAME = Resume;
			};
			name = Debug;
		};
		F1BCD6CD2312A1610021A2A3 /* Release */ = {
			isa = XCBuildConfiguration;
			buildSettings = {
				ALWAYS_EMBED_SWIFT_STANDARD_LIBRARIES = YES;
				CODE_SIGN_STYLE = Automatic;
				DEVELOPMENT_TEAM = LLWD38QT8C;
				INFOPLIST_FILE = ResumeUITests/Info.plist;
				LD_RUNPATH_SEARCH_PATHS = (
					"$(inherited)",
					"@executable_path/Frameworks",
					"@loader_path/Frameworks",
				);
				PRODUCT_BUNDLE_IDENTIFIER = Navneet.ResumeUITests;
				PRODUCT_NAME = "$(TARGET_NAME)";
				SWIFT_VERSION = 4.2;
				TARGETED_DEVICE_FAMILY = "1,2";
				TEST_TARGET_NAME = Resume;
			};
			name = Release;
		};
/* End XCBuildConfiguration section */

/* Begin XCConfigurationList section */
		F1BCD6982312A1600021A2A3 /* Build configuration list for PBXProject "Resume" */ = {
			isa = XCConfigurationList;
			buildConfigurations = (
				F1BCD6C32312A1610021A2A3 /* Debug */,
				F1BCD6C42312A1610021A2A3 /* Release */,
			);
			defaultConfigurationIsVisible = 0;
			defaultConfigurationName = Release;
		};
		F1BCD6C52312A1610021A2A3 /* Build configuration list for PBXNativeTarget "Resume" */ = {
			isa = XCConfigurationList;
			buildConfigurations = (
				F1BCD6C62312A1610021A2A3 /* Debug */,
				F1BCD6C72312A1610021A2A3 /* Release */,
			);
			defaultConfigurationIsVisible = 0;
			defaultConfigurationName = Release;
		};
		F1BCD6C82312A1610021A2A3 /* Build configuration list for PBXNativeTarget "ResumeTests" */ = {
			isa = XCConfigurationList;
			buildConfigurations = (
				F1BCD6C92312A1610021A2A3 /* Debug */,
				F1BCD6CA2312A1610021A2A3 /* Release */,
			);
			defaultConfigurationIsVisible = 0;
			defaultConfigurationName = Release;
		};
		F1BCD6CB2312A1610021A2A3 /* Build configuration list for PBXNativeTarget "ResumeUITests" */ = {
			isa = XCConfigurationList;
			buildConfigurations = (
				F1BCD6CC2312A1610021A2A3 /* Debug */,
				F1BCD6CD2312A1610021A2A3 /* Release */,
			);
			defaultConfigurationIsVisible = 0;
			defaultConfigurationName = Release;
		};
/* End XCConfigurationList section */
	};
	rootObject = F1BCD6952312A1600021A2A3 /* Project object */;
}
